Microsoft Visual Studio Solution File, Format Version 12.00
# Visual Studio Version 17
VisualStudioVersion = 17.2.32210.308
MinimumVisualStudioVersion = 15.0.26124.0
Project("{2150E333-8FDC-42A3-9474-1A3956D46DE8}") = "Source", "Source", "{A0212061-6F07-4D9D-8189-5143610CD6E3}"
EndProject
Project("{2150E333-8FDC-42A3-9474-1A3956D46DE8}") = "Platforms", "Platforms", "{411A8693-C71E-4D88-BDFA-D772C06DE3BC}"
EndProject
Project("{9A19103F-16F7-4668-BE54-9A1E7A4F7556}") = "ClassToXaml", "ClassToXaml\ClassToXaml.csproj", "{EF4E3244-54A6-4E83-8DA4-CA8BD8FCC039}"
EndProject
Project("{9A19103F-16F7-4668-BE54-9A1E7A4F7556}") = "ClassToXaml.Shared", "ClassToXaml.Shared\ClassToXaml.Shared.csproj", "{2189102C-8698-4760-A2C5-ADED686F84E2}"
EndProject
Project("{9A19103F-16F7-4668-BE54-9A1E7A4F7556}") = "ClassToXaml.Mobile", "ClassToXaml.Mobile\ClassToXaml.Mobile.csproj", "{2A2B0A0B-BDD8-4067-8A5B-46DFF25AEEA3}"
EndProject
Project("{9A19103F-16F7-4668-BE54-9A1E7A4F7556}") = "ClassToXaml.Wasm", "ClassToXaml.Wasm\ClassToXaml.Wasm.csproj", "{266050C2-D040-4AED-A232-8FE1A4CB961E}"
EndProject
Project("{9A19103F-16F7-4668-BE54-9A1E7A4F7556}") = "ClassToXaml.Skia.WPF", "ClassToXaml.Skia.WPF\ClassToXaml.Skia.WPF.csproj", "{2E408A7D-9D45-4EBA-AC6A-2BF86946681C}"
EndProject
Project("{9A19103F-16F7-4668-BE54-9A1E7A4F7556}") = "ClassToXaml.Windows", "ClassToXaml.Windows\ClassToXaml.Windows.csproj", "{814E7E71-79C6-4F63-9A01-1804E7A00821}"
EndProject
Project("{2150E333-8FDC-42A3-9474-1A3956D46DE8}") = "Solution Items", "Solution Items", "{BADA71DC-7FFD-4EDC-9F28-FB74AEADC713}"
	ProjectSection(SolutionItems) = preProject
		.gitignore = .gitignore
		Directory.Build.props = Directory.Build.props
		Directory.Build.targets = Directory.Build.targets
		Directory.Packages.props = Directory.Packages.props
		global.json = global.json
		solution-config.props.sample = solution-config.props.sample
	EndProjectSection
EndProject
Global
	GlobalSection(SolutionConfigurationPlatforms) = preSolution
		Debug|Any CPU = Debug|Any CPU
		Debug|ARM = Debug|ARM
		Debug|ARM64 = Debug|ARM64
		Debug|iPhone = Debug|iPhone
		Debug|iPhoneSimulator = Debug|iPhoneSimulator
		Debug|x64 = Debug|x64
		Debug|x86 = Debug|x86
		Release|Any CPU = Release|Any CPU
		Release|ARM = Release|ARM
		Release|ARM64 = Release|ARM64
		Release|iPhone = Release|iPhone
		Release|iPhoneSimulator = Release|iPhoneSimulator
		Release|x64 = Release|x64
		Release|x86 = Release|x86
	EndGlobalSection
	GlobalSection(ProjectConfigurationPlatforms) = postSolution
		{EF4E3244-54A6-4E83-8DA4-CA8BD8FCC039}.Debug|Any CPU.ActiveCfg = Debug|Any CPU
		{EF4E3244-54A6-4E83-8DA4-CA8BD8FCC039}.Debug|Any CPU.Build.0 = Debug|Any CPU
		{EF4E3244-54A6-4E83-8DA4-CA8BD8FCC039}.Debug|ARM.ActiveCfg = Debug|Any CPU
		{EF4E3244-54A6-4E83-8DA4-CA8BD8FCC039}.Debug|ARM.Build.0 = Debug|Any CPU
		{EF4E3244-54A6-4E83-8DA4-CA8BD8FCC039}.Debug|ARM64.ActiveCfg = Debug|Any CPU
		{EF4E3244-54A6-4E83-8DA4-CA8BD8FCC039}.Debug|ARM64.Build.0 = Debug|Any CPU
		{EF4E3244-54A6-4E83-8DA4-CA8BD8FCC039}.Debug|iPhone.ActiveCfg = Debug|Any CPU
		{EF4E3244-54A6-4E83-8DA4-CA8BD8FCC039}.Debug|iPhone.Build.0 = Debug|Any CPU
		{EF4E3244-54A6-4E83-8DA4-CA8BD8FCC039}.Debug|iPhoneSimulator.ActiveCfg = Debug|Any CPU
		{EF4E3244-54A6-4E83-8DA4-CA8BD8FCC039}.Debug|iPhoneSimulator.Build.0 = Debug|Any CPU
		{EF4E3244-54A6-4E83-8DA4-CA8BD8FCC039}.Debug|x64.ActiveCfg = Debug|Any CPU
		{EF4E3244-54A6-4E83-8DA4-CA8BD8FCC039}.Debug|x64.Build.0 = Debug|Any CPU
		{EF4E3244-54A6-4E83-8DA4-CA8BD8FCC039}.Debug|x86.ActiveCfg = Debug|Any CPU
		{EF4E3244-54A6-4E83-8DA4-CA8BD8FCC039}.Debug|x86.Build.0 = Debug|Any CPU
		{EF4E3244-54A6-4E83-8DA4-CA8BD8FCC039}.Release|Any CPU.ActiveCfg = Release|Any CPU
		{EF4E3244-54A6-4E83-8DA4-CA8BD8FCC039}.Release|Any CPU.Build.0 = Release|Any CPU
		{EF4E3244-54A6-4E83-8DA4-CA8BD8FCC039}.Release|ARM.ActiveCfg = Release|Any CPU
		{EF4E3244-54A6-4E83-8DA4-CA8BD8FCC039}.Release|ARM.Build.0 = Release|Any CPU
		{EF4E3244-54A6-4E83-8DA4-CA8BD8FCC039}.Release|ARM64.ActiveCfg = Release|Any CPU
		{EF4E3244-54A6-4E83-8DA4-CA8BD8FCC039}.Release|ARM64.Build.0 = Release|Any CPU
		{EF4E3244-54A6-4E83-8DA4-CA8BD8FCC039}.Release|iPhone.ActiveCfg = Release|Any CPU
		{EF4E3244-54A6-4E83-8DA4-CA8BD8FCC039}.Release|iPhone.Build.0 = Release|Any CPU
		{EF4E3244-54A6-4E83-8DA4-CA8BD8FCC039}.Release|iPhoneSimulator.ActiveCfg = Release|Any CPU
		{EF4E3244-54A6-4E83-8DA4-CA8BD8FCC039}.Release|iPhoneSimulator.Build.0 = Release|Any CPU
		{EF4E3244-54A6-4E83-8DA4-CA8BD8FCC039}.Release|x64.ActiveCfg = Release|Any CPU
		{EF4E3244-54A6-4E83-8DA4-CA8BD8FCC039}.Release|x64.Build.0 = Release|Any CPU
		{EF4E3244-54A6-4E83-8DA4-CA8BD8FCC039}.Release|x86.ActiveCfg = Release|Any CPU
		{EF4E3244-54A6-4E83-8DA4-CA8BD8FCC039}.Release|x86.Build.0 = Release|Any CPU
		{2189102C-8698-4760-A2C5-ADED686F84E2}.Debug|Any CPU.ActiveCfg = Debug|Any CPU
		{2189102C-8698-4760-A2C5-ADED686F84E2}.Debug|Any CPU.Build.0 = Debug|Any CPU
		{2189102C-8698-4760-A2C5-ADED686F84E2}.Debug|ARM.ActiveCfg = Debug|Any CPU
		{2189102C-8698-4760-A2C5-ADED686F84E2}.Debug|ARM.Build.0 = Debug|Any CPU
		{2189102C-8698-4760-A2C5-ADED686F84E2}.Debug|ARM64.ActiveCfg = Debug|Any CPU
		{2189102C-8698-4760-A2C5-ADED686F84E2}.Debug|ARM64.Build.0 = Debug|Any CPU
		{2189102C-8698-4760-A2C5-ADED686F84E2}.Debug|iPhone.ActiveCfg = Debug|Any CPU
		{2189102C-8698-4760-A2C5-ADED686F84E2}.Debug|iPhone.Build.0 = Debug|Any CPU
		{2189102C-8698-4760-A2C5-ADED686F84E2}.Debug|iPhoneSimulator.ActiveCfg = Debug|Any CPU
		{2189102C-8698-4760-A2C5-ADED686F84E2}.Debug|iPhoneSimulator.Build.0 = Debug|Any CPU
		{2189102C-8698-4760-A2C5-ADED686F84E2}.Debug|x64.ActiveCfg = Debug|Any CPU
		{2189102C-8698-4760-A2C5-ADED686F84E2}.Debug|x64.Build.0 = Debug|Any CPU
		{2189102C-8698-4760-A2C5-ADED686F84E2}.Debug|x86.ActiveCfg = Debug|Any CPU
		{2189102C-8698-4760-A2C5-ADED686F84E2}.Debug|x86.Build.0 = Debug|Any CPU
		{2189102C-8698-4760-A2C5-ADED686F84E2}.Release|Any CPU.ActiveCfg = Release|Any CPU
		{2189102C-8698-4760-A2C5-ADED686F84E2}.Release|Any CPU.Build.0 = Release|Any CPU
		{2189102C-8698-4760-A2C5-ADED686F84E2}.Release|ARM.ActiveCfg = Release|Any CPU
		{2189102C-8698-4760-A2C5-ADED686F84E2}.Release|ARM.Build.0 = Release|Any CPU
		{2189102C-8698-4760-A2C5-ADED686F84E2}.Release|ARM64.ActiveCfg = Release|Any CPU
		{2189102C-8698-4760-A2C5-ADED686F84E2}.Release|ARM64.Build.0 = Release|Any CPU
		{2189102C-8698-4760-A2C5-ADED686F84E2}.Release|iPhone.ActiveCfg = Release|Any CPU
		{2189102C-8698-4760-A2C5-ADED686F84E2}.Release|iPhone.Build.0 = Release|Any CPU
		{2189102C-8698-4760-A2C5-ADED686F84E2}.Release|iPhoneSimulator.ActiveCfg = Release|Any CPU
		{2189102C-8698-4760-A2C5-ADED686F84E2}.Release|iPhoneSimulator.Build.0 = Release|Any CPU
		{2189102C-8698-4760-A2C5-ADED686F84E2}.Release|x64.ActiveCfg = Release|Any CPU
		{2189102C-8698-4760-A2C5-ADED686F84E2}.Release|x64.Build.0 = Release|Any CPU
		{2189102C-8698-4760-A2C5-ADED686F84E2}.Release|x86.ActiveCfg = Release|Any CPU
		{2189102C-8698-4760-A2C5-ADED686F84E2}.Release|x86.Build.0 = Release|Any CPU
		{2A2B0A0B-BDD8-4067-8A5B-46DFF25AEEA3}.Debug|Any CPU.ActiveCfg = Debug|Any CPU
		{2A2B0A0B-BDD8-4067-8A5B-46DFF25AEEA3}.Debug|Any CPU.Build.0 = Debug|Any CPU
		{2A2B0A0B-BDD8-4067-8A5B-46DFF25AEEA3}.Debug|Any CPU.Deploy.0 = Debug|Any CPU
		{2A2B0A0B-BDD8-4067-8A5B-46DFF25AEEA3}.Debug|ARM.ActiveCfg = Debug|Any CPU
		{2A2B0A0B-BDD8-4067-8A5B-46DFF25AEEA3}.Debug|ARM.Build.0 = Debug|Any CPU
		{2A2B0A0B-BDD8-4067-8A5B-46DFF25AEEA3}.Debug|ARM.Deploy.0 = Debug|Any CPU
		{2A2B0A0B-BDD8-4067-8A5B-46DFF25AEEA3}.Debug|ARM64.ActiveCfg = Debug|Any CPU
		{2A2B0A0B-BDD8-4067-8A5B-46DFF25AEEA3}.Debug|ARM64.Build.0 = Debug|Any CPU
		{2A2B0A0B-BDD8-4067-8A5B-46DFF25AEEA3}.Debug|ARM64.Deploy.0 = Debug|Any CPU
		{2A2B0A0B-BDD8-4067-8A5B-46DFF25AEEA3}.Debug|iPhone.ActiveCfg = Debug|Any CPU
		{2A2B0A0B-BDD8-4067-8A5B-46DFF25AEEA3}.Debug|iPhone.Build.0 = Debug|Any CPU
		{2A2B0A0B-BDD8-4067-8A5B-46DFF25AEEA3}.Debug|iPhone.Deploy.0 = Debug|Any CPU
		{2A2B0A0B-BDD8-4067-8A5B-46DFF25AEEA3}.Debug|iPhoneSimulator.ActiveCfg = Debug|Any CPU
		{2A2B0A0B-BDD8-4067-8A5B-46DFF25AEEA3}.Debug|iPhoneSimulator.Build.0 = Debug|Any CPU
		{2A2B0A0B-BDD8-4067-8A5B-46DFF25AEEA3}.Debug|iPhoneSimulator.Deploy.0 = Debug|Any CPU
		{2A2B0A0B-BDD8-4067-8A5B-46DFF25AEEA3}.Debug|x64.ActiveCfg = Debug|Any CPU
		{2A2B0A0B-BDD8-4067-8A5B-46DFF25AEEA3}.Debug|x64.Build.0 = Debug|Any CPU
		{2A2B0A0B-BDD8-4067-8A5B-46DFF25AEEA3}.Debug|x64.Deploy.0 = Debug|Any CPU
		{2A2B0A0B-BDD8-4067-8A5B-46DFF25AEEA3}.Debug|x86.ActiveCfg = Debug|Any CPU
		{2A2B0A0B-BDD8-4067-8A5B-46DFF25AEEA3}.Debug|x86.Build.0 = Debug|Any CPU
		{2A2B0A0B-BDD8-4067-8A5B-46DFF25AEEA3}.Debug|x86.Deploy.0 = Debug|Any CPU
		{2A2B0A0B-BDD8-4067-8A5B-46DFF25AEEA3}.Release|Any CPU.ActiveCfg = Release|Any CPU
		{2A2B0A0B-BDD8-4067-8A5B-46DFF25AEEA3}.Release|Any CPU.Build.0 = Release|Any CPU
		{2A2B0A0B-BDD8-4067-8A5B-46DFF25AEEA3}.Release|Any CPU.Deploy.0 = Release|Any CPU
		{2A2B0A0B-BDD8-4067-8A5B-46DFF25AEEA3}.Release|ARM.ActiveCfg = Release|Any CPU
		{2A2B0A0B-BDD8-4067-8A5B-46DFF25AEEA3}.Release|ARM.Build.0 = Release|Any CPU
		{2A2B0A0B-BDD8-4067-8A5B-46DFF25AEEA3}.Release|ARM.Deploy.0 = Release|Any CPU
		{2A2B0A0B-BDD8-4067-8A5B-46DFF25AEEA3}.Release|ARM64.ActiveCfg = Release|Any CPU
		{2A2B0A0B-BDD8-4067-8A5B-46DFF25AEEA3}.Release|ARM64.Build.0 = Release|Any CPU
		{2A2B0A0B-BDD8-4067-8A5B-46DFF25AEEA3}.Release|ARM64.Deploy.0 = Release|Any CPU
		{2A2B0A0B-BDD8-4067-8A5B-46DFF25AEEA3}.Release|iPhone.ActiveCfg = Release|Any CPU
		{2A2B0A0B-BDD8-4067-8A5B-46DFF25AEEA3}.Release|iPhone.Build.0 = Release|Any CPU
		{2A2B0A0B-BDD8-4067-8A5B-46DFF25AEEA3}.Release|iPhone.Deploy.0 = Release|Any CPU
		{2A2B0A0B-BDD8-4067-8A5B-46DFF25AEEA3}.Release|iPhoneSimulator.ActiveCfg = Release|Any CPU
		{2A2B0A0B-BDD8-4067-8A5B-46DFF25AEEA3}.Release|iPhoneSimulator.Build.0 = Release|Any CPU
		{2A2B0A0B-BDD8-4067-8A5B-46DFF25AEEA3}.Release|iPhoneSimulator.Deploy.0 = Release|Any CPU
		{2A2B0A0B-BDD8-4067-8A5B-46DFF25AEEA3}.Release|x64.ActiveCfg = Release|Any CPU
		{2A2B0A0B-BDD8-4067-8A5B-46DFF25AEEA3}.Release|x64.Build.0 = Release|Any CPU
		{2A2B0A0B-BDD8-4067-8A5B-46DFF25AEEA3}.Release|x64.Deploy.0 = Release|Any CPU
		{2A2B0A0B-BDD8-4067-8A5B-46DFF25AEEA3}.Release|x86.ActiveCfg = Release|Any CPU
		{2A2B0A0B-BDD8-4067-8A5B-46DFF25AEEA3}.Release|x86.Build.0 = Release|Any CPU
		{2A2B0A0B-BDD8-4067-8A5B-46DFF25AEEA3}.Release|x86.Deploy.0 = Release|Any CPU
		{266050C2-D040-4AED-A232-8FE1A4CB961E}.Debug|Any CPU.ActiveCfg = Debug|Any CPU
		{266050C2-D040-4AED-A232-8FE1A4CB961E}.Debug|Any CPU.Build.0 = Debug|Any CPU
		{266050C2-D040-4AED-A232-8FE1A4CB961E}.Debug|ARM.ActiveCfg = Debug|Any CPU
		{266050C2-D040-4AED-A232-8FE1A4CB961E}.Debug|ARM.Build.0 = Debug|Any CPU
		{266050C2-D040-4AED-A232-8FE1A4CB961E}.Debug|ARM64.ActiveCfg = Debug|Any CPU
		{266050C2-D040-4AED-A232-8FE1A4CB961E}.Debug|ARM64.Build.0 = Debug|Any CPU
		{266050C2-D040-4AED-A232-8FE1A4CB961E}.Debug|iPhone.ActiveCfg = Debug|Any CPU
		{266050C2-D040-4AED-A232-8FE1A4CB961E}.Debug|iPhone.Build.0 = Debug|Any CPU
		{266050C2-D040-4AED-A232-8FE1A4CB961E}.Debug|iPhoneSimulator.ActiveCfg = Debug|Any CPU
		{266050C2-D040-4AED-A232-8FE1A4CB961E}.Debug|iPhoneSimulator.Build.0 = Debug|Any CPU
		{266050C2-D040-4AED-A232-8FE1A4CB961E}.Debug|x64.ActiveCfg = Debug|Any CPU
		{266050C2-D040-4AED-A232-8FE1A4CB961E}.Debug|x64.Build.0 = Debug|Any CPU
		{266050C2-D040-4AED-A232-8FE1A4CB961E}.Debug|x86.ActiveCfg = Debug|Any CPU
		{266050C2-D040-4AED-A232-8FE1A4CB961E}.Debug|x86.Build.0 = Debug|Any CPU
		{266050C2-D040-4AED-A232-8FE1A4CB961E}.Release|Any CPU.ActiveCfg = Release|Any CPU
		{266050C2-D040-4AED-A232-8FE1A4CB961E}.Release|Any CPU.Build.0 = Release|Any CPU
		{266050C2-D040-4AED-A232-8FE1A4CB961E}.Release|ARM.ActiveCfg = Release|Any CPU
		{266050C2-D040-4AED-A232-8FE1A4CB961E}.Release|ARM.Build.0 = Release|Any CPU
		{266050C2-D040-4AED-A232-8FE1A4CB961E}.Release|ARM64.ActiveCfg = Release|Any CPU
		{266050C2-D040-4AED-A232-8FE1A4CB961E}.Release|ARM64.Build.0 = Release|Any CPU
		{266050C2-D040-4AED-A232-8FE1A4CB961E}.Release|iPhone.ActiveCfg = Release|Any CPU
		{266050C2-D040-4AED-A232-8FE1A4CB961E}.Release|iPhone.Build.0 = Release|Any CPU
		{266050C2-D040-4AED-A232-8FE1A4CB961E}.Release|iPhoneSimulator.ActiveCfg = Release|Any CPU
		{266050C2-D040-4AED-A232-8FE1A4CB961E}.Release|iPhoneSimulator.Build.0 = Release|Any CPU
		{266050C2-D040-4AED-A232-8FE1A4CB961E}.Release|x64.ActiveCfg = Release|Any CPU
		{266050C2-D040-4AED-A232-8FE1A4CB961E}.Release|x64.Build.0 = Release|Any CPU
		{266050C2-D040-4AED-A232-8FE1A4CB961E}.Release|x86.ActiveCfg = Release|Any CPU
		{266050C2-D040-4AED-A232-8FE1A4CB961E}.Release|x86.Build.0 = Release|Any CPU
		{2E408A7D-9D45-4EBA-AC6A-2BF86946681C}.Debug|Any CPU.ActiveCfg = Debug|Any CPU
		{2E408A7D-9D45-4EBA-AC6A-2BF86946681C}.Debug|Any CPU.Build.0 = Debug|Any CPU
		{2E408A7D-9D45-4EBA-AC6A-2BF86946681C}.Debug|Any CPU.Deploy.0 = Debug|Any CPU
		{2E408A7D-9D45-4EBA-AC6A-2BF86946681C}.Debug|ARM.ActiveCfg = Debug|Any CPU
		{2E408A7D-9D45-4EBA-AC6A-2BF86946681C}.Debug|ARM.Build.0 = Debug|Any CPU
		{2E408A7D-9D45-4EBA-AC6A-2BF86946681C}.Debug|ARM.Deploy.0 = Debug|Any CPU
		{2E408A7D-9D45-4EBA-AC6A-2BF86946681C}.Debug|ARM64.ActiveCfg = Debug|Any CPU
		{2E408A7D-9D45-4EBA-AC6A-2BF86946681C}.Debug|ARM64.Build.0 = Debug|Any CPU
		{2E408A7D-9D45-4EBA-AC6A-2BF86946681C}.Debug|ARM64.Deploy.0 = Debug|Any CPU
		{2E408A7D-9D45-4EBA-AC6A-2BF86946681C}.Debug|iPhone.ActiveCfg = Debug|Any CPU
		{2E408A7D-9D45-4EBA-AC6A-2BF86946681C}.Debug|iPhone.Build.0 = Debug|Any CPU
		{2E408A7D-9D45-4EBA-AC6A-2BF86946681C}.Debug|iPhone.Deploy.0 = Debug|Any CPU
		{2E408A7D-9D45-4EBA-AC6A-2BF86946681C}.Debug|iPhoneSimulator.ActiveCfg = Debug|Any CPU
		{2E408A7D-9D45-4EBA-AC6A-2BF86946681C}.Debug|iPhoneSimulator.Build.0 = Debug|Any CPU
		{2E408A7D-9D45-4EBA-AC6A-2BF86946681C}.Debug|iPhoneSimulator.Deploy.0 = Debug|Any CPU
		{2E408A7D-9D45-4EBA-AC6A-2BF86946681C}.Debug|x64.ActiveCfg = Debug|Any CPU
		{2E408A7D-9D45-4EBA-AC6A-2BF86946681C}.Debug|x64.Build.0 = Debug|Any CPU
		{2E408A7D-9D45-4EBA-AC6A-2BF86946681C}.Debug|x64.Deploy.0 = Debug|Any CPU
		{2E408A7D-9D45-4EBA-AC6A-2BF86946681C}.Debug|x86.ActiveCfg = Debug|Any CPU
		{2E408A7D-9D45-4EBA-AC6A-2BF86946681C}.Debug|x86.Build.0 = Debug|Any CPU
		{2E408A7D-9D45-4EBA-AC6A-2BF86946681C}.Debug|x86.Deploy.0 = Debug|Any CPU
		{2E408A7D-9D45-4EBA-AC6A-2BF86946681C}.Release|Any CPU.ActiveCfg = Release|Any CPU
		{2E408A7D-9D45-4EBA-AC6A-2BF86946681C}.Release|ARM.ActiveCfg = Release|Any CPU
		{2E408A7D-9D45-4EBA-AC6A-2BF86946681C}.Release|ARM.Build.0 = Release|Any CPU
		{2E408A7D-9D45-4EBA-AC6A-2BF86946681C}.Release|ARM.Deploy.0 = Release|Any CPU
		{2E408A7D-9D45-4EBA-AC6A-2BF86946681C}.Release|ARM64.ActiveCfg = Release|Any CPU
		{2E408A7D-9D45-4EBA-AC6A-2BF86946681C}.Release|ARM64.Build.0 = Release|Any CPU
		{2E408A7D-9D45-4EBA-AC6A-2BF86946681C}.Release|ARM64.Deploy.0 = Release|Any CPU
		{2E408A7D-9D45-4EBA-AC6A-2BF86946681C}.Release|iPhone.ActiveCfg = Release|Any CPU
		{2E408A7D-9D45-4EBA-AC6A-2BF86946681C}.Release|iPhone.Build.0 = Release|Any CPU
		{2E408A7D-9D45-4EBA-AC6A-2BF86946681C}.Release|iPhoneSimulator.ActiveCfg = Release|Any CPU
		{2E408A7D-9D45-4EBA-AC6A-2BF86946681C}.Release|iPhoneSimulator.Build.0 = Release|Any CPU
		{2E408A7D-9D45-4EBA-AC6A-2BF86946681C}.Release|iPhoneSimulator.Deploy.0 = Release|Any CPU
		{2E408A7D-9D45-4EBA-AC6A-2BF86946681C}.Release|x64.ActiveCfg = Release|Any CPU
		{2E408A7D-9D45-4EBA-AC6A-2BF86946681C}.Release|x64.Build.0 = Release|Any CPU
		{2E408A7D-9D45-4EBA-AC6A-2BF86946681C}.Release|x64.Deploy.0 = Release|Any CPU
		{2E408A7D-9D45-4EBA-AC6A-2BF86946681C}.Release|x86.ActiveCfg = Release|Any CPU
		{2E408A7D-9D45-4EBA-AC6A-2BF86946681C}.Release|x86.Build.0 = Release|Any CPU
		{2E408A7D-9D45-4EBA-AC6A-2BF86946681C}.Release|x86.Deploy.0 = Release|Any CPU
		{814E7E71-79C6-4F63-9A01-1804E7A00821}.Debug|Any CPU.ActiveCfg = Debug|x64
		{814E7E71-79C6-4F63-9A01-1804E7A00821}.Debug|Any CPU.Build.0 = Debug|x64
		{814E7E71-79C6-4F63-9A01-1804E7A00821}.Debug|Any CPU.Deploy.0 = Debug|x64
		{814E7E71-79C6-4F63-9A01-1804E7A00821}.Debug|ARM.ActiveCfg = Debug|x64
		{814E7E71-79C6-4F63-9A01-1804E7A00821}.Debug|ARM.Build.0 = Debug|x64
		{814E7E71-79C6-4F63-9A01-1804E7A00821}.Debug|ARM.Deploy.0 = Debug|x64
		{814E7E71-79C6-4F63-9A01-1804E7A00821}.Debug|ARM64.ActiveCfg = Debug|arm64
		{814E7E71-79C6-4F63-9A01-1804E7A00821}.Debug|ARM64.Build.0 = Debug|arm64
		{814E7E71-79C6-4F63-9A01-1804E7A00821}.Debug|ARM64.Deploy.0 = Debug|arm64
		{814E7E71-79C6-4F63-9A01-1804E7A00821}.Debug|iPhone.ActiveCfg = Debug|x64
		{814E7E71-79C6-4F63-9A01-1804E7A00821}.Debug|iPhone.Build.0 = Debug|x64
		{814E7E71-79C6-4F63-9A01-1804E7A00821}.Debug|iPhone.Deploy.0 = Debug|x64
		{814E7E71-79C6-4F63-9A01-1804E7A00821}.Debug|iPhoneSimulator.ActiveCfg = Debug|x64
		{814E7E71-79C6-4F63-9A01-1804E7A00821}.Debug|iPhoneSimulator.Build.0 = Debug|x64
		{814E7E71-79C6-4F63-9A01-1804E7A00821}.Debug|iPhoneSimulator.Deploy.0 = Debug|x64
		{814E7E71-79C6-4F63-9A01-1804E7A00821}.Debug|x64.ActiveCfg = Debug|x64
		{814E7E71-79C6-4F63-9A01-1804E7A00821}.Debug|x64.Build.0 = Debug|x64
		{814E7E71-79C6-4F63-9A01-1804E7A00821}.Debug|x64.Deploy.0 = Debug|x64
		{814E7E71-79C6-4F63-9A01-1804E7A00821}.Debug|x86.ActiveCfg = Debug|x86
		{814E7E71-79C6-4F63-9A01-1804E7A00821}.Debug|x86.Build.0 = Debug|x86
		{814E7E71-79C6-4F63-9A01-1804E7A00821}.Release|Any CPU.ActiveCfg = Release|x64
		{814E7E71-79C6-4F63-9A01-1804E7A00821}.Release|Any CPU.Build.0 = Release|x64
		{814E7E71-79C6-4F63-9A01-1804E7A00821}.Release|Any CPU.Deploy.0 = Release|x64
		{814E7E71-79C6-4F63-9A01-1804E7A00821}.Release|ARM.ActiveCfg = Release|x64
		{814E7E71-79C6-4F63-9A01-1804E7A00821}.Release|ARM.Build.0 = Release|x64
		{814E7E71-79C6-4F63-9A01-1804E7A00821}.Release|ARM64.ActiveCfg = Release|arm64
		{814E7E71-79C6-4F63-9A01-1804E7A00821}.Release|ARM64.Build.0 = Release|arm64
		{814E7E71-79C6-4F63-9A01-1804E7A00821}.Release|iPhone.ActiveCfg = Release|x64
		{814E7E71-79C6-4F63-9A01-1804E7A00821}.Release|iPhone.Build.0 = Release|x64
		{814E7E71-79C6-4F63-9A01-1804E7A00821}.Release|iPhoneSimulator.ActiveCfg = Release|x64
		{814E7E71-79C6-4F63-9A01-1804E7A00821}.Release|iPhoneSimulator.Build.0 = Release|x64
		{814E7E71-79C6-4F63-9A01-1804E7A00821}.Release|x64.ActiveCfg = Release|x64
		{814E7E71-79C6-4F63-9A01-1804E7A00821}.Release|x64.Build.0 = Release|x64
		{814E7E71-79C6-4F63-9A01-1804E7A00821}.Release|x86.ActiveCfg = Release|x86
		{814E7E71-79C6-4F63-9A01-1804E7A00821}.Release|x86.Build.0 = Release|x86
	EndGlobalSection
	GlobalSection(SolutionProperties) = preSolution
		HideSolutionNode = FALSE
	EndGlobalSection
	GlobalSection(NestedProjects) = preSolution
		{411A8693-C71E-4D88-BDFA-D772C06DE3BC} = {A0212061-6F07-4D9D-8189-5143610CD6E3}
		{EF4E3244-54A6-4E83-8DA4-CA8BD8FCC039} = {A0212061-6F07-4D9D-8189-5143610CD6E3}
		{2189102C-8698-4760-A2C5-ADED686F84E2} = {411A8693-C71E-4D88-BDFA-D772C06DE3BC}
		{2A2B0A0B-BDD8-4067-8A5B-46DFF25AEEA3} = {411A8693-C71E-4D88-BDFA-D772C06DE3BC}
		{266050C2-D040-4AED-A232-8FE1A4CB961E} = {411A8693-C71E-4D88-BDFA-D772C06DE3BC}
		{2E408A7D-9D45-4EBA-AC6A-2BF86946681C} = {411A8693-C71E-4D88-BDFA-D772C06DE3BC}
		{814E7E71-79C6-4F63-9A01-1804E7A00821} = {411A8693-C71E-4D88-BDFA-D772C06DE3BC}
	EndGlobalSection
	GlobalSection(ExtensibilityGlobals) = postSolution
		SolutionGuid = {E71A7B80-2FA4-4BB0-B660-5664C86AA9EC}
	EndGlobalSection
EndGlobal
